
Microsoft Visual Studio Solution File, Format Version 12.00
# Visual Studio Version 17
VisualStudioVersion = 17.7.34024.191
MinimumVisualStudioVersion = 10.0.40219.1
Project("{FAE04EC0-301F-11D3-BF4B-00C04F79EFBC}") = "opengl-upscale-test", "opengl-upscale-test.csproj", "{4011CA8E-0CFF-48C4-AED7-FB97A7E6D64A}"
EndProject
Global
	GlobalSection(SolutionConfigurationPlatforms) = preSolution
		Debug|Any CPU = Debug|Any CPU
		Release|Any CPU = Release|Any CPU
	EndGlobalSection
	GlobalSection(ProjectConfigurationPlatforms) = postSolution
		{4011CA8E-0CFF-48C4-AED7-FB97A7E6D64A}.Debug|Any CPU.ActiveCfg = Debug|Any CPU
		{4011CA8E-0CFF-48C4-AED7-FB97A7E6D64A}.Debug|Any CPU.Build.0 = Debug|Any CPU
		{4011CA8E-0CFF-48C4-AED7-FB97A7E6D64A}.Release|Any CPU.ActiveCfg = Release|Any CPU
		{4011CA8E-0CFF-48C4-AED7-FB97A7E6D64A}.Release|Any CPU.Build.0 = Release|Any CPU
	EndGlobalSection
	GlobalSection(SolutionProperties) = preSolution
		HideSolutionNode = FALSE
	EndGlobalSection
	GlobalSection(ExtensibilityGlobals) = postSolution
		SolutionGuid = {A11C8EB4-F2FD-413A-8F6B-5CABD94637F9}
	EndGlobalSection
EndGlobal
